github.com/gethugothemes/hugo-modules/accordion v0.0.0-20231010055813-8730bcc5ac07 h1:0cP7w0hYZCUmOZJZkmXUfe4mkQc+mRFzugO1tnylR34=
github.com/gethugothemes/hugo-modules/accordion v0.0.0-20231010055813-8730bcc5ac07/go.mod h1:D4DpauKPDcUHI9CVKYmJeO6bkSJIhUN864TyXZ2o0VI=
github.com/gethugothemes/hugo-modules/adsense v0.0.0-20231010055813-8730bcc5ac07 h1:EGjT4PNdlO25MLtqpk0VWdxNot7p1GGc+/HEx3/EiVM=
github.com/gethugothemes/hugo-modules/adsense v0.0.0-20231010055813-8730bcc5ac07/go.mod h1:8p/gG/cyyu20z4q5cFN/JGE5TOFA55Xsp+aIP9KCsqo=
github.com/gethugothemes/hugo-modules/components/cookie-consent v0.0.0-20231010055813-8730bcc5ac07 h1:44ovesYrFiyXCDzWXLAD1LnHpixmeWb8t/hM7GK2GhM=
github.com/gethugothemes/hugo-modules/components/cookie-consent v0.0.0-20231010055813-8730bcc5ac07/go.mod h1:511ERLpGe3ZTfV2z/NAtUSR5NqKF26h9z5lU/zYV4YQ=
github.com/gethugothemes/hugo-modules/components/custom-script v0.0.0-20231010055813-8730bcc5ac07 h1:7O+XfSKy2VuWtmXhSF5c4Im4RaqUkgF75VXzs5zq4yw=
github.com/gethugothemes/hugo-modules/components/custom-script v0.0.0-20231010055813-8730bcc5ac07/go.mod h1:RuDHq4WnK8sNEzAIJr4BZQ7oXhzcct/EKaAxc2Xvi9E=
github.com/gethugothemes/hugo-modules/components/preloader v0.0.0-20231010055813-8730bcc5ac07 h1:1HQXmPlu7B2Qetl+TNgCwi4QwRNhrDwRoLGtPEZoi7g=
github.com/gethugothemes/hugo-modules/components/preloader v0.0.0-20231010055813-8730bcc5ac07/go.mod h1:FP0iQ3tMOesuWFZhLst2KEvUEYPb5Jk1GW+QBP9lrwg=
github.com/gethugothemes/hugo-modules/components/render-link v0.0.0-20231010055813-8730bcc5ac07 h1:xpLILq6Fq+0WtkuUG+W9kkORlxYnbkjyqr6d3Gch8BY=
github.com/gethugothemes/hugo-modules/components/render-link v0.0.0-20231010055813-8730bcc5ac07/go.mod h1:z3YcIeEBUonAoRDY1/Jv1ojNVkZ5ud35a0Nn8L4Inx0=
github.com/gethugothemes/hugo-modules/components/social-share v0.0.0-20231010055813-8730bcc5ac07 h1:xct74PcNVxxUyJlT4ylEIn7CrlaezuV4fq+5b/9Iv2c=
github.com/gethugothemes/hugo-modules/components/social-share v0.0.0-20231010055813-8730bcc5ac07/go.mod h1:Gcj4RM/EBECsJMZnPeWjfy/1roRYGqzV9GYNmeHkvFA=
github.com/gethugothemes/hugo-modules/gallery-slider v0.0.0-20231010055813-8730bcc5ac07 h1:gF50HqdMp7yXVRmIEzThy3Ua2MF4cQ8ziSK1A2wiEcY=
github.com/gethugothemes/hugo-modules/gallery-slider v0.0.0-20231010055813-8730bcc5ac07/go.mod h1:MvQ2js/ofZ22CTX5wuvE+dC0rMe6C5HAWL2fEOu/yzE=
github.com/gethugothemes/hugo-modules/gzip-caching v0.0.0-20231010055813-8730bcc5ac07 h1:VY0IGvBYymhcXYpofov7M07tj75JHTjqNOOyMtppIUc=
github.com/gethugothemes/hugo-modules/gzip-caching v0.0.0-20231010055813-8730bcc5ac07/go.mod h1:0ZMjTZVG4XLZU2/icc8Saqo4mmgMpfRTrUZU2Aa2Pwg=
github.com/gethugothemes/hugo-modules/icons/font-awesome v0.0.0-20231010055813-8730bcc5ac07 h1:i1Dt2Qs8s+krTPRkVKJX3Iy1eZrx3fiqKvbepo3g7Tc=
github.com/gethugothemes/hugo-modules/icons/font-awesome v0.0.0-20231010055813-8730bcc5ac07/go.mod h1:d3gy1vQyfasPmGpau7HpQLrXbOv23PfXclSnjyOBxeU=
github.com/gethugothemes/hugo-modules/images v0.0.0-20231010055813-8730bcc5ac07 h1:3QwaEMNPHavsQTFc4MsTPA5ilrfRO8Kp7Zd/CuDA7kQ=
github.com/gethugothemes/hugo-modules/images v0.0.0-20231010055813-8730bcc5ac07/go.mod h1:FKliP3qOW9diIcQeLtyZ0Hdhg3PL8bdAkC/6O+XtU90=
github.com/gethugothemes/hugo-modules/modal v0.0.0-20231010055813-8730bcc5ac07 h1:GPflJsEPYivEUv2DYZlP8HW6t41Z0d7HhKi/YhMGNw8=
github.com/gethugothemes/hugo-modules/modal v0.0.0-20231010055813-8730bcc5ac07/go.mod h1:Eb9v7oV6biymfvjcBhQdvgn0gUGYhUtfCMeOBLFpFsk=
github.com/gethugothemes/hugo-modules/pwa v0.0.0-20231010055813-8730bcc5ac07 h1:2l7LwK/LCQm8xjNOVhHVNgDtPuNnxa91jZehohpCzkw=
github.com/gethugothemes/hugo-modules/pwa v0.0.0-20231010055813-8730bcc5ac07/go.mod h1:TRv7iszdfo37O1PbBEE+S8X/enAdpRIxK5DGrp13Qbo=
github.com/gethugothemes/hugo-modules/search v0.0.0-20231010055813-8730bcc5ac07 h1:fzsakd/1zxZ5wPALInq1F43aG5NVneUmZnQ9I6lOLFQ=
github.com/gethugothemes/hugo-modules/search v0.0.0-20231010055813-8730bcc5ac07/go.mod h1:tmDvLaZCM+QDvS/WLZXNjY1QTdWh7/68D2wIToECbyA=
github.com/gethugothemes/hugo-modules/seo-tools/basic-seo v0.0.0-20231010055813-8730bcc5ac07 h1:zBIq0Kld3JEN4xhe8DMjoiEMzcEDmZe6WHJ0AydZUvU=
github.com/gethugothemes/hugo-modules/seo-tools/basic-seo v0.0.0-20231010055813-8730bcc5ac07/go.mod h1:Q8dPgjamV7pxwKSQyWV21Xwh5CGi23/k+M8HPTphYbs=
github.com/gethugothemes/hugo-modules/seo-tools/google-tag-manager v0.0.0-20231010055813-8730bcc5ac07 h1:gD2hPp1lukrQBbV5rFa4/gIWhgUaAxaPAb1lWgFqNqY=
github.com/gethugothemes/hugo-modules/seo-tools/google-tag-manager v0.0.0-20231010055813-8730bcc5ac07/go.mod h1:cCq50yd55eFTrpqOfeyOK5X0hU5E7qxsqOD7IzTsgLA=
github.com/gethugothemes/hugo-modules/seo-tools/site-verifications v0.0.0-20231010055813-8730bcc5ac07 h1:+t0IvWjU7fipeD1buG5mQ0/qIPI1Tn71fgJENSPXJBg=
github.com/gethugothemes/hugo-modules/seo-tools/site-verifications v0.0.0-20231010055813-8730bcc5ac07/go.mod h1:iXielaya126qJscz7Bc2G2WB91moloQOoWru6UoBUyE=
github.com/gethugothemes/hugo-modules/shortcodes/button v0.0.0-20231010055813-8730bcc5ac07 h1:Ia0kwQlGAhUqMx8+dCB1HvjZVMtn5QQxRluaUzrpkLU=
github.com/gethugothemes/hugo-modules/shortcodes/button v0.0.0-20231010055813-8730bcc5ac07/go.mod h1:MSvxGvjvcGUKTs6YMATU/9kYFrzW+VSVdy4CCOQLdsY=
github.com/gethugothemes/hugo-modules/shortcodes/notice v0.0.0-20231010055813-8730bcc5ac07 h1:ckIQUW94J2zpTnmQ7ybx8bgxNGwfKBLqOLQBi1J9dmo=
github.com/gethugothemes/hugo-modules/shortcodes/notice v0.0.0-20231010055813-8730bcc5ac07/go.mod h1:ljWyMJx82WA+6SlKjbGFhEdxcriyvUTCjXkJHDa4lho=
github.com/gethugothemes/hugo-modules/tab v0.0.0-20231010055813-8730bcc5ac07 h1:LbmiLF/cgt9rIOnjcDdSiCAGPj7mx8cVK/rxzowVOaQ=
github.com/gethugothemes/hugo-modules/tab v0.0.0-20231010055813-8730bcc5ac07/go.mod h1:h3UxlxrFoU19JldxWLPBKaTZFe3AJtABrqo1wfxr+Ng=
github.com/gethugothemes/hugo-modules/table-of-contents v0.0.0-20231010055813-8730bcc5ac07 h1:6RhyGJCc73zdb50cKENVxHVQqqOcI3ZDOwZH6Vuilu0=
github.com/gethugothemes/hugo-modules/table-of-contents v0.0.0-20231010055813-8730bcc5ac07/go.mod h1:bEDw4veccQQQYEdVrfu13ATRUWfW8ptDIjJZuhYh4Tw=
github.com/gethugothemes/hugo-modules/videos v0.0.0-20231010055813-8730bcc5ac07 h1:BG+OvGVSfT8slspmjn4l8X8n1r2/R2lowQIM3l+fMig=
github.com/gethugothemes/hugo-modules/videos v0.0.0-20231010055813-8730bcc5ac07/go.mod h1:P722lLWdnNhdZVq6gvMrOLqECUwrAYQWaOWlChta5H0=
github.com/zeon-studio/hugoplate v0.0.0-20231014041612-0235da7caa87 h1:H87SIDmQ6Qr4+jueptWEKnMlvFhaCn66Z1BrVk+5BxI=
github.com/zeon-studio/hugoplate v0.0.0-20231014041612-0235da7caa87/go.mod h1:YlRIwdTWidquf1dhtx+mDfu0I3KVrVQB4wi4UmHlK3E=
